<Solution>
  <Folder Name="/01/">
    <Project Path="IsNumberOddOrNot/IsNumberOddOrNot.csproj" />
  </Folder>
  <Folder Name="/02/">
    <Project Path="TheGreathestNumber/TheGreathestNumber.csproj" Id="cf8662cd-0166-4394-91f9-807ed8c4d561" />
  </Folder>
  <Folder Name="/Shared/">
    <Project Path="Shard/Shared.csproj" Id="b93a97f1-80de-4130-a266-a7253c3fae30" />
  </Folder>
</Solution>
