<Solution>
  <Folder Name="/01/">
    <Project Path="IsNumberOddOrNot/IsNumberOddOrNot.csproj" />
  </Folder>
  <Folder Name="/02/">
    <Project Path="TheGreathesNumber/TheGreathesNumber.csproj" Id="933d064d-df8a-483f-8ed3-8f9c1b3c6b82" />
  </Folder>
  <Folder Name="/03/">
    <Project Path="SortNumbers/SortNumbers.csproj" Id="5dfececf-3e19-467c-9d5a-29726dce9b34" />
  </Folder>
  <Folder Name="/04/">
    <Project Path="IsMultipleOfAnother/IsMultipleOfAnother.csproj" Id="a798c61b-d927-4731-ac78-44582404c78d" />
  </Folder>
  <Folder Name="/05/">
    <Project Path="IsLeapYear/IsLeapYear.csproj" Id="c9f11cf2-d748-49e0-a172-20f9606f1318" />
  </Folder>
  <Folder Name="/06/">
    <Project Path="SimplePayroll/SimplePayroll.csproj" Id="b39444ed-87ca-490d-9d28-492dfe08f111" />
  </Folder>
  <Folder Name="/07/">
    <Project Path="Disccounts/Disccounts.csproj" Id="2191d6f1-b278-4550-9b02-6ee751e3ccf2" />
  </Folder>
  <Folder Name="/Shared/">
    <Project Path="Shard/Shared.csproj" Id="b93a97f1-80de-4130-a266-a7253c3fae30" />
  </Folder>
</Solution>
